
Microsoft Visual Studio Solution File, Format Version 12.00
# Visual Studio Version 17
VisualStudioVersion = 17.4.33403.182
MinimumVisualStudioVersion = 10.0.40219.1
Project("{FAE04EC0-301F-11D3-BF4B-00C04F79EFBC}") = "TatBlog.Core", "TatBlog.Core\TatBlog.Core.csproj", "{40493933-8C32-471E-A28D-42981BE3E225}"
EndProject
Project("{FAE04EC0-301F-11D3-BF4B-00C04F79EFBC}") = "TatBlog.Data", "TatBlog.Data\TatBlog.Data.csproj", "{C02E5945-4652-4FF3-9534-B60D2B8DD3F3}"
EndProject
Project("{FAE04EC0-301F-11D3-BF4B-00C04F79EFBC}") = "TatBlog.Services", "TatBlog.Services\TatBlog.Services.csproj", "{2FA96745-CCCF-41C1-BAEF-15B404F02BF7}"
EndProject
Project("{FAE04EC0-301F-11D3-BF4B-00C04F79EFBC}") = "TatBlog.WinApp", "TatBlog.WinApp\TatBlog.WinApp.csproj", "{D79D381D-33B6-4308-AE07-31AFA18AF346}"
EndProject
Global
	GlobalSection(SolutionConfigurationPlatforms) = preSolution
		Debug|Any CPU = Debug|Any CPU
		Release|Any CPU = Release|Any CPU
	EndGlobalSection
	GlobalSection(ProjectConfigurationPlatforms) = postSolution
		{40493933-8C32-471E-A28D-42981BE3E225}.Debug|Any CPU.ActiveCfg = Debug|Any CPU
		{40493933-8C32-471E-A28D-42981BE3E225}.Debug|Any CPU.Build.0 = Debug|Any CPU
		{40493933-8C32-471E-A28D-42981BE3E225}.Release|Any CPU.ActiveCfg = Release|Any CPU
		{40493933-8C32-471E-A28D-42981BE3E225}.Release|Any CPU.Build.0 = Release|Any CPU
		{C02E5945-4652-4FF3-9534-B60D2B8DD3F3}.Debug|Any CPU.ActiveCfg = Debug|Any CPU
		{C02E5945-4652-4FF3-9534-B60D2B8DD3F3}.Debug|Any CPU.Build.0 = Debug|Any CPU
		{C02E5945-4652-4FF3-9534-B60D2B8DD3F3}.Release|Any CPU.ActiveCfg = Release|Any CPU
		{C02E5945-4652-4FF3-9534-B60D2B8DD3F3}.Release|Any CPU.Build.0 = Release|Any CPU
		{2FA96745-CCCF-41C1-BAEF-15B404F02BF7}.Debug|Any CPU.ActiveCfg = Debug|Any CPU
		{2FA96745-CCCF-41C1-BAEF-15B404F02BF7}.Debug|Any CPU.Build.0 = Debug|Any CPU
		{2FA96745-CCCF-41C1-BAEF-15B404F02BF7}.Release|Any CPU.ActiveCfg = Release|Any CPU
		{2FA96745-CCCF-41C1-BAEF-15B404F02BF7}.Release|Any CPU.Build.0 = Release|Any CPU
		{D79D381D-33B6-4308-AE07-31AFA18AF346}.Debug|Any CPU.ActiveCfg = Debug|Any CPU
		{D79D381D-33B6-4308-AE07-31AFA18AF346}.Debug|Any CPU.Build.0 = Debug|Any CPU
		{D79D381D-33B6-4308-AE07-31AFA18AF346}.Release|Any CPU.ActiveCfg = Release|Any CPU
		{D79D381D-33B6-4308-AE07-31AFA18AF346}.Release|Any CPU.Build.0 = Release|Any CPU
	EndGlobalSection
	GlobalSection(SolutionProperties) = preSolution
		HideSolutionNode = FALSE
	EndGlobalSection
	GlobalSection(ExtensibilityGlobals) = postSolution
		SolutionGuid = {A0932D18-8918-4056-9FD1-0B40A3C32FF1}
	EndGlobalSection
EndGlobal
